<?xml version="1.0" encoding="utf-8"?>
<Project ToolsVersion="4.0" xmlns="http://schemas.microsoft.com/developer/msbuild/2003">
  <ItemGroup>
    <Filter Include="Source Files">
      <UniqueIdentifier>{4FC737F1-C7A5-4376-A066-2A32D752A2FF}</UniqueIdentifier>
      <Extensions>cpp;c;cc;cxx;def;odl;idl;hpj;bat;asm;asmx</Extensions>
    </Filter>
    <Filter Include="Header Files">
      <UniqueIdentifier>{93995380-89BD-4b04-88EB-625FBE52EBFB}</UniqueIdentifier>
      <Extensions>h;hh;hpp;hxx;hm;inl;inc;xsd</Extensions>
    </Filter>
    <Filter Include="Header Files\RegEx">
      <UniqueIdentifier>{48191b54-9469-40df-a4e1-65f04800ddb5}</UniqueIdentifier>
    </Filter>
    <Filter Include="Source Files\RegEx">
      <UniqueIdentifier>{82d7e6dc-b47b-4f1d-a179-e7731af5cf15}</UniqueIdentifier>
    </Filter>
    <Filter Include="TestCases">
      <UniqueIdentifier>{94e82063-dde8-4493-82c3-b98dec19787b}</UniqueIdentifier>
    </Filter>
  </ItemGroup>
  <ItemGroup>
    <ClInclude Include="include\RandomAccessFile.h">
      <Filter>Header Files</Filter>
    </ClInclude>
    <ClInclude Include="include\StringTokenizer.h">
      <Filter>Header Files</Filter>
    </ClInclude>
    <ClInclude Include="include\GrammerUtils.h">
      <Filter>Header Files</Filter>
    </ClInclude>
    <ClInclude Include="include\Token.h">
      <Filter>Header Files</Filter>
    </ClInclude>
    <ClInclude Include="include\NonTerminal.h">
      <Filter>Header Files</Filter>
    </ClInclude>
    <ClInclude Include="include\ByteArrayInputStream.h">
      <Filter>Header Files</Filter>
    </ClInclude>
    <ClInclude Include="include\ByteArrayOutputStream.h">
      <Filter>Header Files</Filter>
    </ClInclude>
    <ClInclude Include="include\ByteArrayStream.h">
      <Filter>Header Files</Filter>
    </ClInclude>
    <ClInclude Include="include\RegEx\RegExReader.h">
      <Filter>Header Files\RegEx</Filter>
    </ClInclude>
  </ItemGroup>
  <ItemGroup>
    <ClCompile Include="source\main.cpp">
      <Filter>Source Files</Filter>
    </ClCompile>
    <ClCompile Include="source\RandomAccessFile.cpp">
      <Filter>Source Files</Filter>
    </ClCompile>
    <ClCompile Include="source\StringTokenizer.cpp">
      <Filter>Source Files</Filter>
    </ClCompile>
    <ClCompile Include="source\GrammerUtils.cpp">
      <Filter>Source Files</Filter>
    </ClCompile>
    <ClCompile Include="source\NonTerminal.cpp">
      <Filter>Source Files</Filter>
    </ClCompile>
    <ClCompile Include="source\ByteArrayInputStream.cpp">
      <Filter>Source Files</Filter>
    </ClCompile>
    <ClCompile Include="source\ByteArrayOutputStream.cpp">
      <Filter>Source Files</Filter>
    </ClCompile>
    <ClCompile Include="source\ByteArrayStream.cpp">
      <Filter>Source Files</Filter>
    </ClCompile>
    <ClCompile Include="source\RegEx\RegExReader.cpp">
      <Filter>Source Files\RegEx</Filter>
    </ClCompile>
  </ItemGroup>
  <ItemGroup>
    <Text Include="TestCases\RegEx.txt">
      <Filter>TestCases</Filter>
    </Text>
  </ItemGroup>
</Project>